
Microsoft Visual Studio Solution File, Format Version 12.00
# Visual Studio Version 16
VisualStudioVersion = 16.0.31424.327
MinimumVisualStudioVersion = 10.0.40219.1
Project("{FAE04EC0-301F-11D3-BF4B-00C04F79EFBC}") = "testproject", "testproject\testproject.csproj", "{9FF5DA12-ECC6-481C-ADF8-B8F52D1CB270}"
EndProject
Global
	GlobalSection(SolutionConfigurationPlatforms) = preSolution
		Debug|Any CPU = Debug|Any CPU
		Release|Any CPU = Release|Any CPU
	EndGlobalSection
	GlobalSection(ProjectConfigurationPlatforms) = postSolution
		{9FF5DA12-ECC6-481C-ADF8-B8F52D1CB270}.Debug|Any CPU.ActiveCfg = Debug|Any CPU
		{9FF5DA12-ECC6-481C-ADF8-B8F52D1CB270}.Debug|Any CPU.Build.0 = Debug|Any CPU
		{9FF5DA12-ECC6-481C-ADF8-B8F52D1CB270}.Release|Any CPU.ActiveCfg = Release|Any CPU
		{9FF5DA12-ECC6-481C-ADF8-B8F52D1CB270}.Release|Any CPU.Build.0 = Release|Any CPU
	EndGlobalSection
	GlobalSection(SolutionProperties) = preSolution
		HideSolutionNode = FALSE
	EndGlobalSection
	GlobalSection(ExtensibilityGlobals) = postSolution
		SolutionGuid = {94EB00E9-9A8D-4C2B-8984-FBB8F503B7BD}
	EndGlobalSection
EndGlobal
